
Microsoft Visual Studio Solution File, Format Version 12.00
# Visual Studio Version 17
VisualStudioVersion = 17.11.35327.3
MinimumVisualStudioVersion = 10.0.40219.1
Project("{9A19103F-16F7-4668-BE54-9A1E7A4F7556}") = "AuthEC.WebApi", "AuthEC.WebApi\AuthEC.WebApi.csproj", "{4ADA43D5-F4B9-49B6-B06A-485BB8CB52F1}"
EndProject
Project("{9A19103F-16F7-4668-BE54-9A1E7A4F7556}") = "AuthEC.Entities", "AuthEC.Entities\AuthEC.Entities.csproj", "{10CB6AB3-91A1-4A19-BD63-FC8964B22E4F}"
EndProject
Project("{9A19103F-16F7-4668-BE54-9A1E7A4F7556}") = "AuthEC.Services", "AuthEC.Services\AuthEC.Services.csproj", "{54D16327-E3B7-4475-A792-1685FD097199}"
EndProject
Project("{9A19103F-16F7-4668-BE54-9A1E7A4F7556}") = "AuthEC.Abstractions", "AuthEC.Abstractions\AuthEC.Abstractions.csproj", "{74DDB4B3-7F82-4DD7-B054-592699C17E09}"
EndProject
Project("{9A19103F-16F7-4668-BE54-9A1E7A4F7556}") = "AuthEC.DataAccess", "AuthEC.DataAccess\AuthEC.DataAccess.csproj", "{DAB0AA98-699C-48D7-943A-77AEAB3B1300}"
EndProject
Project("{FAE04EC0-301F-11D3-BF4B-00C04F79EFBC}") = "AuthEC.Utils", "AuthEC.Utils\AuthEC.Utils.csproj", "{D4EF1061-2216-4D10-8D04-B3858ECF1191}"
EndProject
Global
	GlobalSection(SolutionConfigurationPlatforms) = preSolution
		Debug|Any CPU = Debug|Any CPU
		Release|Any CPU = Release|Any CPU
	EndGlobalSection
	GlobalSection(ProjectConfigurationPlatforms) = postSolution
		{4ADA43D5-F4B9-49B6-B06A-485BB8CB52F1}.Debug|Any CPU.ActiveCfg = Debug|Any CPU
		{4ADA43D5-F4B9-49B6-B06A-485BB8CB52F1}.Debug|Any CPU.Build.0 = Debug|Any CPU
		{4ADA43D5-F4B9-49B6-B06A-485BB8CB52F1}.Release|Any CPU.ActiveCfg = Release|Any CPU
		{4ADA43D5-F4B9-49B6-B06A-485BB8CB52F1}.Release|Any CPU.Build.0 = Release|Any CPU
		{10CB6AB3-91A1-4A19-BD63-FC8964B22E4F}.Debug|Any CPU.ActiveCfg = Debug|Any CPU
		{10CB6AB3-91A1-4A19-BD63-FC8964B22E4F}.Debug|Any CPU.Build.0 = Debug|Any CPU
		{10CB6AB3-91A1-4A19-BD63-FC8964B22E4F}.Release|Any CPU.ActiveCfg = Release|Any CPU
		{10CB6AB3-91A1-4A19-BD63-FC8964B22E4F}.Release|Any CPU.Build.0 = Release|Any CPU
		{54D16327-E3B7-4475-A792-1685FD097199}.Debug|Any CPU.ActiveCfg = Debug|Any CPU
		{54D16327-E3B7-4475-A792-1685FD097199}.Debug|Any CPU.Build.0 = Debug|Any CPU
		{54D16327-E3B7-4475-A792-1685FD097199}.Release|Any CPU.ActiveCfg = Release|Any CPU
		{54D16327-E3B7-4475-A792-1685FD097199}.Release|Any CPU.Build.0 = Release|Any CPU
		{74DDB4B3-7F82-4DD7-B054-592699C17E09}.Debug|Any CPU.ActiveCfg = Debug|Any CPU
		{74DDB4B3-7F82-4DD7-B054-592699C17E09}.Debug|Any CPU.Build.0 = Debug|Any CPU
		{74DDB4B3-7F82-4DD7-B054-592699C17E09}.Release|Any CPU.ActiveCfg = Release|Any CPU
		{74DDB4B3-7F82-4DD7-B054-592699C17E09}.Release|Any CPU.Build.0 = Release|Any CPU
		{DAB0AA98-699C-48D7-943A-77AEAB3B1300}.Debug|Any CPU.ActiveCfg = Debug|Any CPU
		{DAB0AA98-699C-48D7-943A-77AEAB3B1300}.Debug|Any CPU.Build.0 = Debug|Any CPU
		{DAB0AA98-699C-48D7-943A-77AEAB3B1300}.Release|Any CPU.ActiveCfg = Release|Any CPU
		{DAB0AA98-699C-48D7-943A-77AEAB3B1300}.Release|Any CPU.Build.0 = Release|Any CPU
		{D4EF1061-2216-4D10-8D04-B3858ECF1191}.Debug|Any CPU.ActiveCfg = Debug|Any CPU
		{D4EF1061-2216-4D10-8D04-B3858ECF1191}.Debug|Any CPU.Build.0 = Debug|Any CPU
		{D4EF1061-2216-4D10-8D04-B3858ECF1191}.Release|Any CPU.ActiveCfg = Release|Any CPU
		{D4EF1061-2216-4D10-8D04-B3858ECF1191}.Release|Any CPU.Build.0 = Release|Any CPU
	EndGlobalSection
	GlobalSection(SolutionProperties) = preSolution
		HideSolutionNode = FALSE
	EndGlobalSection
	GlobalSection(ExtensibilityGlobals) = postSolution
		SolutionGuid = {6AA285D4-619D-42F2-A112-A82E0561B708}
	EndGlobalSection
EndGlobal
